dependencies:
- name: postgresql
  repository: https://charts.bitnami.com/bitnami
  version: 12.2.2
- name: adminer
  repository: https://cetic.github.io/helm-charts
  version: 0.2.1
- name: pgadmin4
  repository: https://helm.runix.net
  version: 1.18.2
- name: prometheus-blackbox-exporter
  repository: https://prometheus-community.github.io/helm-charts
  version: 8.6.1
digest: sha256:14709800a63c15c0f5601a22f9bea8eb1c1d2ed347967677e073ada768ca1d25
generated: "2024-01-05T12:20:51.385848897+01:00"
